
Microsoft Visual Studio Solution File, Format Version 12.00
# Visual Studio Version 17
VisualStudioVersion = 17.9.34407.89
MinimumVisualStudioVersion = 10.0.40219.1
Project("{FAE04EC0-301F-11D3-BF4B-00C04F79EFBC}") = "BlazorApp001", "BlazorApp001\BlazorApp001.csproj", "{E7E2E132-B795-4D9B-9CE5-FD22EFBCF519}"
EndProject
Global
	GlobalSection(SolutionConfigurationPlatforms) = preSolution
		Debug|Any CPU = Debug|Any CPU
		Release|Any CPU = Release|Any CPU
	EndGlobalSection
	GlobalSection(ProjectConfigurationPlatforms) = postSolution
		{E7E2E132-B795-4D9B-9CE5-FD22EFBCF519}.Debug|Any CPU.ActiveCfg = Debug|Any CPU
		{E7E2E132-B795-4D9B-9CE5-FD22EFBCF519}.Debug|Any CPU.Build.0 = Debug|Any CPU
		{E7E2E132-B795-4D9B-9CE5-FD22EFBCF519}.Release|Any CPU.ActiveCfg = Release|Any CPU
		{E7E2E132-B795-4D9B-9CE5-FD22EFBCF519}.Release|Any CPU.Build.0 = Release|Any CPU
	EndGlobalSection
	GlobalSection(SolutionProperties) = preSolution
		HideSolutionNode = FALSE
	EndGlobalSection
	GlobalSection(ExtensibilityGlobals) = postSolution
		SolutionGuid = {74E10261-41A9-447B-BFA8-DE1E7A7D277A}
	EndGlobalSection
EndGlobal
